// !$*UTF8*$!
{
	archiveVersion = 1;
	classes = {
	};
	objectVersion = 48;
	objects = {

/* Begin PBXBuildFile section */
		62F126F6C442C43C689FFC8D /* Pods_VIPERDesignSample.framework in Frameworks */ = {isa = PBXBuildFile; fileRef = 914D2094B7280EE3EE02D639 /* Pods_VIPERDesignSample.framework */; };
		A88EEB9C2032CA1000FD288B /* Claim.json in Resources */ = {isa = PBXBuildFile; fileRef = A88EEB9B2032CA1000FD288B /* Claim.json */; };
		A88EEB9E2032CC9700FD288B /* Authentication.json in Resources */ = {isa = PBXBuildFile; fileRef = A88EEB9D2032CC9700FD288B /* Authentication.json */; };
		A88EEBA22032CE0C00FD288B /* Appointment.json in Resources */ = {isa = PBXBuildFile; fileRef = A88EEBA12032CE0C00FD288B /* Appointment.json */; };
		B1060F41202C846200BF7259 /* AppDelegate.swift in Sources */ = {isa = PBXBuildFile; fileRef = B1060F40202C846200BF7259 /* AppDelegate.swift */; };
		B1060F43202C846200BF7259 /* ViewController.swift in Sources */ = {isa = PBXBuildFile; fileRef = B1060F42202C846200BF7259 /* ViewController.swift */; };
		B1060F46202C846200BF7259 /* Main.storyboard in Resources */ = {isa = PBXBuildFile; fileRef = B1060F44202C846200BF7259 /* Main.storyboard */; };
		B1060F49202C846200BF7259 /* VIPERDesignSample.xcdatamodeld in Sources */ = {isa = PBXBuildFile; fileRef = B1060F47202C846200BF7259 /* VIPERDesignSample.xcdatamodeld */; };
		B1060F4B202C846200BF7259 /* Assets.xcassets in Resources */ = {isa = PBXBuildFile; fileRef = B1060F4A202C846200BF7259 /* Assets.xcassets */; };
		B1060F4E202C846200BF7259 /* LaunchScreen.storyboard in Resources */ = {isa = PBXBuildFile; fileRef = B1060F4C202C846200BF7259 /* LaunchScreen.storyboard */; };
		B1060F59202C846300BF7259 /* VIPERDesignSampleTests.swift in Sources */ = {isa = PBXBuildFile; fileRef = B1060F58202C846300BF7259 /* VIPERDesignSampleTests.swift */; };
		B1060F64202C846300BF7259 /* VIPERDesignSampleUITests.swift in Sources */ = {isa = PBXBuildFile; fileRef = B1060F63202C846300BF7259 /* VIPERDesignSampleUITests.swift */; };
		B15486AA2032C5E60062FE85 /* DataSourceManager+AppSpecific.swift in Sources */ = {isa = PBXBuildFile; fileRef = B15486A92032C5E60062FE85 /* DataSourceManager+AppSpecific.swift */; };
		B15486AC2032C6B20062FE85 /* Request.swift in Sources */ = {isa = PBXBuildFile; fileRef = B15486AB2032C6B10062FE85 /* Request.swift */; };
		B15486AE2032E76A0062FE85 /* Login.storyboard in Resources */ = {isa = PBXBuildFile; fileRef = B15486AD2032E76A0062FE85 /* Login.storyboard */; };
		B15486B12032FA760062FE85 /* UIViewController+Ext.swift in Sources */ = {isa = PBXBuildFile; fileRef = B15486B02032FA760062FE85 /* UIViewController+Ext.swift */; };
		B1555478202DAB0000C1F7C0 /* LoginProtocols.swift in Sources */ = {isa = PBXBuildFile; fileRef = B1555477202DAB0000C1F7C0 /* LoginProtocols.swift */; };
		B155547A202DAB1200C1F7C0 /* LoginViewController.swift in Sources */ = {isa = PBXBuildFile; fileRef = B1555479202DAB1200C1F7C0 /* LoginViewController.swift */; };
		B155547C202DAB3800C1F7C0 /* LoginPresenter.swift in Sources */ = {isa = PBXBuildFile; fileRef = B155547B202DAB3800C1F7C0 /* LoginPresenter.swift */; };
		B155547E202DAB4800C1F7C0 /* LoginInteractor.swift in Sources */ = {isa = PBXBuildFile; fileRef = B155547D202DAB4800C1F7C0 /* LoginInteractor.swift */; };
		B1555480202DAB5400C1F7C0 /* LoginRouter.swift in Sources */ = {isa = PBXBuildFile; fileRef = B155547F202DAB5400C1F7C0 /* LoginRouter.swift */; };
		B1555487202DABAD00C1F7C0 /* ActivityProtocols.swift in Sources */ = {isa = PBXBuildFile; fileRef = B1555486202DABAD00C1F7C0 /* ActivityProtocols.swift */; };
		B1555489202DABBC00C1F7C0 /* ActivityPresenter.swift in Sources */ = {isa = PBXBuildFile; fileRef = B1555488202DABBC00C1F7C0 /* ActivityPresenter.swift */; };
		B155548B202DABC900C1F7C0 /* ActivityInteractor.swift in Sources */ = {isa = PBXBuildFile; fileRef = B155548A202DABC900C1F7C0 /* ActivityInteractor.swift */; };
		B155548D202DABDB00C1F7C0 /* ActivityRouter.swift in Sources */ = {isa = PBXBuildFile; fileRef = B155548C202DABDB00C1F7C0 /* ActivityRouter.swift */; };
		B155548F202DABEF00C1F7C0 /* ActivityViewController.swift in Sources */ = {isa = PBXBuildFile; fileRef = B155548E202DABEF00C1F7C0 /* ActivityViewController.swift */; };
		B1555496202DAC3100C1F7C0 /* AppointmentViewController.swift in Sources */ = {isa = PBXBuildFile; fileRef = B1555495202DAC3100C1F7C0 /* AppointmentViewController.swift */; };
		B1555498202DAC4700C1F7C0 /* AppointmentProtocols.swift in Sources */ = {isa = PBXBuildFile; fileRef = B1555497202DAC4700C1F7C0 /* AppointmentProtocols.swift */; };
		B155549A202DAC5900C1F7C0 /* AppointmentPresenter.swift in Sources */ = {isa = PBXBuildFile; fileRef = B1555499202DAC5900C1F7C0 /* AppointmentPresenter.swift */; };
		B155549C202DAC6600C1F7C0 /* AppointmentInteractor.swift in Sources */ = {isa = PBXBuildFile; fileRef = B155549B202DAC6600C1F7C0 /* AppointmentInteractor.swift */; };
		B155549E202DAC7000C1F7C0 /* AppointmentRouter.swift in Sources */ = {isa = PBXBuildFile; fileRef = B155549D202DAC7000C1F7C0 /* AppointmentRouter.swift */; };
		B15554A5202DACCB00C1F7C0 /* ClaimProtocols.swift in Sources */ = {isa = PBXBuildFile; fileRef = B15554A4202DACCB00C1F7C0 /* ClaimProtocols.swift */; };
		B15554A7202DACD600C1F7C0 /* ClaimPresenter.swift in Sources */ = {isa = PBXBuildFile; fileRef = B15554A6202DACD600C1F7C0 /* ClaimPresenter.swift */; };
		B15554A9202DACE300C1F7C0 /* ClaimInteractor.swift in Sources */ = {isa = PBXBuildFile; fileRef = B15554A8202DACE300C1F7C0 /* ClaimInteractor.swift */; };
		B15554AB202DACEE00C1F7C0 /* ClaimRouter.swift in Sources */ = {isa = PBXBuildFile; fileRef = B15554AA202DACEE00C1F7C0 /* ClaimRouter.swift */; };
		B15554AD202DACF800C1F7C0 /* ClaimViewController.swift in Sources */ = {isa = PBXBuildFile; fileRef = B15554AC202DACF800C1F7C0 /* ClaimViewController.swift */; };
		B15555242032C3E800C1F7C0 /* LocalServer.swift in Sources */ = {isa = PBXBuildFile; fileRef = B15555232032C3E800C1F7C0 /* LocalServer.swift */; };
/* End PBXBuildFile section */

/* Begin PBXContainerItemProxy section */
		B1060F55202C846300BF7259 /* PBXContainerItemProxy */ = {
			isa = PBXContainerItemProxy;
			containerPortal = B1060F35202C846200BF7259 /* Project object */;
			proxyType = 1;
			remoteGlobalIDString = B1060F3C202C846200BF7259;
			remoteInfo = VIPERDesignSample;
		};
		B1060F60202C846300BF7259 /* PBXContainerItemProxy */ = {
			isa = PBXContainerItemProxy;
			containerPortal = B1060F35202C846200BF7259 /* Project object */;
			proxyType = 1;
			remoteGlobalIDString = B1060F3C202C846200BF7259;
			remoteInfo = VIPERDesignSample;
		};
/* End PBXContainerItemProxy section */

/* Begin PBXFileReference section */
		55CB30C7C75714EB026F3460 /* Pods-VIPERDesignSample.debug.xcconfig */ = {isa = PBXFileReference; includeInIndex = 1; lastKnownFileType = text.xcconfig; name = "Pods-VIPERDesignSample.debug.xcconfig"; path = "Pods/Target Support Files/Pods-VIPERDesignSample/Pods-VIPERDesignSample.debug.xcconfig"; sourceTree = "<group>"; };
		914D2094B7280EE3EE02D639 /* Pods_VIPERDesignSample.framework */ = {isa = PBXFileReference; explicitFileType = wrapper.framework; includeInIndex = 0; path = Pods_VIPERDesignSample.framework; sourceTree = BUILT_PRODUCTS_DIR; };
		A88EEB9B2032CA1000FD288B /* Claim.json */ = {isa = PBXFileReference; lastKnownFileType = text.json; path = Claim.json; sourceTree = "<group>"; };
		A88EEB9D2032CC9700FD288B /* Authentication.json */ = {isa = PBXFileReference; lastKnownFileType = text.json; path = Authentication.json; sourceTree = "<group>"; };
		A88EEBA12032CE0C00FD288B /* Appointment.json */ = {isa = PBXFileReference; lastKnownFileType = text.json; path = Appointment.json; sourceTree = "<group>"; };
		B1060F3D202C846200BF7259 /* VIPERDesignSample.app */ = {isa = PBXFileReference; explicitFileType = wrapper.application; includeInIndex = 0; path = VIPERDesignSample.app; sourceTree = BUILT_PRODUCTS_DIR; };
		B1060F40202C846200BF7259 /* AppDelegate.swift */ = {isa = PBXFileReference; lastKnownFileType = sourcecode.swift; path = AppDelegate.swift; sourceTree = "<group>"; };
		B1060F42202C846200BF7259 /* ViewController.swift */ = {isa = PBXFileReference; lastKnownFileType = sourcecode.swift; path = ViewController.swift; sourceTree = "<group>"; };
		B1060F45202C846200BF7259 /* Base */ = {isa = PBXFileReference; lastKnownFileType = file.storyboard; name = Base; path = Base.lproj/Main.storyboard; sourceTree = "<group>"; };
		B1060F48202C846200BF7259 /* VIPERDesignSample.xcdatamodel */ = {isa = PBXFileReference; lastKnownFileType = wrapper.xcdatamodel; path = VIPERDesignSample.xcdatamodel; sourceTree = "<group>"; };
		B1060F4A202C846200BF7259 /* Assets.xcassets */ = {isa = PBXFileReference; lastKnownFileType = folder.assetcatalog; path = Assets.xcassets; sourceTree = "<group>"; };
		B1060F4D202C846200BF7259 /* Base */ = {isa = PBXFileReference; lastKnownFileType = file.storyboard; name = Base; path = Base.lproj/LaunchScreen.storyboard; sourceTree = "<group>"; };
		B1060F4F202C846200BF7259 /* Info.plist */ = {isa = PBXFileReference; lastKnownFileType = text.plist.xml; path = Info.plist; sourceTree = "<group>"; };
		B1060F54202C846300BF7259 /* VIPERDesignSampleTests.xctest */ = {isa = PBXFileReference; explicitFileType = wrapper.cfbundle; includeInIndex = 0; path = VIPERDesignSampleTests.xctest; sourceTree = BUILT_PRODUCTS_DIR; };
		B1060F58202C846300BF7259 /* VIPERDesignSampleTests.swift */ = {isa = PBXFileReference; lastKnownFileType = sourcecode.swift; path = VIPERDesignSampleTests.swift; sourceTree = "<group>"; };
		B1060F5A202C846300BF7259 /* Info.plist */ = {isa = PBXFileReference; lastKnownFileType = text.plist.xml; path = Info.plist; sourceTree = "<group>"; };
		B1060F5F202C846300BF7259 /* VIPERDesignSampleUITests.xctest */ = {isa = PBXFileReference; explicitFileType = wrapper.cfbundle; includeInIndex = 0; path = VIPERDesignSampleUITests.xctest; sourceTree = BUILT_PRODUCTS_DIR; };
		B1060F63202C846300BF7259 /* VIPERDesignSampleUITests.swift */ = {isa = PBXFileReference; lastKnownFileType = sourcecode.swift; path = VIPERDesignSampleUITests.swift; sourceTree = "<group>"; };
		B1060F65202C846300BF7259 /* Info.plist */ = {isa = PBXFileReference; lastKnownFileType = text.plist.xml; path = Info.plist; sourceTree = "<group>"; };
		B15486A92032C5E60062FE85 /* DataSourceManager+AppSpecific.swift */ = {isa = PBXFileReference; fileEncoding = 4; lastKnownFileType = sourcecode.swift; path = "DataSourceManager+AppSpecific.swift"; sourceTree = "<group>"; };
		B15486AB2032C6B10062FE85 /* Request.swift */ = {isa = PBXFileReference; fileEncoding = 4; lastKnownFileType = sourcecode.swift; path = Request.swift; sourceTree = "<group>"; };
		B15486AD2032E76A0062FE85 /* Login.storyboard */ = {isa = PBXFileReference; lastKnownFileType = file.storyboard; path = Login.storyboard; sourceTree = "<group>"; };
		B15486B02032FA760062FE85 /* UIViewController+Ext.swift */ = {isa = PBXFileReference; lastKnownFileType = sourcecode.swift; path = "UIViewController+Ext.swift"; sourceTree = "<group>"; };
		B1555477202DAB0000C1F7C0 /* LoginProtocols.swift */ = {isa = PBXFileReference; lastKnownFileType = sourcecode.swift; path = LoginProtocols.swift; sourceTree = "<group>"; };
		B1555479202DAB1200C1F7C0 /* LoginViewController.swift */ = {isa = PBXFileReference; lastKnownFileType = sourcecode.swift; path = LoginViewController.swift; sourceTree = "<group>"; };
		B155547B202DAB3800C1F7C0 /* LoginPresenter.swift */ = {isa = PBXFileReference; lastKnownFileType = sourcecode.swift; path = LoginPresenter.swift; sourceTree = "<group>"; };
		B155547D202DAB4800C1F7C0 /* LoginInteractor.swift */ = {isa = PBXFileReference; lastKnownFileType = sourcecode.swift; path = LoginInteractor.swift; sourceTree = "<group>"; };
		B155547F202DAB5400C1F7C0 /* LoginRouter.swift */ = {isa = PBXFileReference; lastKnownFileType = sourcecode.swift; path = LoginRouter.swift; sourceTree = "<group>"; };
		B1555486202DABAD00C1F7C0 /* ActivityProtocols.swift */ = {isa = PBXFileReference; lastKnownFileType = sourcecode.swift; path = ActivityProtocols.swift; sourceTree = "<group>"; };
		B1555488202DABBC00C1F7C0 /* ActivityPresenter.swift */ = {isa = PBXFileReference; lastKnownFileType = sourcecode.swift; path = ActivityPresenter.swift; sourceTree = "<group>"; };
		B155548A202DABC900C1F7C0 /* ActivityInteractor.swift */ = {isa = PBXFileReference; lastKnownFileType = sourcecode.swift; path = ActivityInteractor.swift; sourceTree = "<group>"; };
		B155548C202DABDB00C1F7C0 /* ActivityRouter.swift */ = {isa = PBXFileReference; lastKnownFileType = sourcecode.swift; path = ActivityRouter.swift; sourceTree = "<group>"; };
		B155548E202DABEF00C1F7C0 /* ActivityViewController.swift */ = {isa = PBXFileReference; lastKnownFileType = sourcecode.swift; path = ActivityViewController.swift; sourceTree = "<group>"; };
		B1555495202DAC3100C1F7C0 /* AppointmentViewController.swift */ = {isa = PBXFileReference; lastKnownFileType = sourcecode.swift; path = AppointmentViewController.swift; sourceTree = "<group>"; };
		B1555497202DAC4700C1F7C0 /* AppointmentProtocols.swift */ = {isa = PBXFileReference; lastKnownFileType = sourcecode.swift; path = AppointmentProtocols.swift; sourceTree = "<group>"; };
		B1555499202DAC5900C1F7C0 /* AppointmentPresenter.swift */ = {isa = PBXFileReference; lastKnownFileType = sourcecode.swift; path = AppointmentPresenter.swift; sourceTree = "<group>"; };
		B155549B202DAC6600C1F7C0 /* AppointmentInteractor.swift */ = {isa = PBXFileReference; lastKnownFileType = sourcecode.swift; path = AppointmentInteractor.swift; sourceTree = "<group>"; };
		B155549D202DAC7000C1F7C0 /* AppointmentRouter.swift */ = {isa = PBXFileReference; lastKnownFileType = sourcecode.swift; path = AppointmentRouter.swift; sourceTree = "<group>"; };
		B15554A4202DACCB00C1F7C0 /* ClaimProtocols.swift */ = {isa = PBXFileReference; lastKnownFileType = sourcecode.swift; path = ClaimProtocols.swift; sourceTree = "<group>"; };
		B15554A6202DACD600C1F7C0 /* ClaimPresenter.swift */ = {isa = PBXFileReference; lastKnownFileType = sourcecode.swift; path = ClaimPresenter.swift; sourceTree = "<group>"; };
		B15554A8202DACE300C1F7C0 /* ClaimInteractor.swift */ = {isa = PBXFileReference; lastKnownFileType = sourcecode.swift; path = ClaimInteractor.swift; sourceTree = "<group>"; };
		B15554AA202DACEE00C1F7C0 /* ClaimRouter.swift */ = {isa = PBXFileReference; lastKnownFileType = sourcecode.swift; path = ClaimRouter.swift; sourceTree = "<group>"; };
		B15554AC202DACF800C1F7C0 /* ClaimViewController.swift */ = {isa = PBXFileReference; lastKnownFileType = sourcecode.swift; path = ClaimViewController.swift; sourceTree = "<group>"; };
		B15555232032C3E800C1F7C0 /* LocalServer.swift */ = {isa = PBXFileReference; fileEncoding = 4; lastKnownFileType = sourcecode.swift; path = LocalServer.swift; sourceTree = "<group>"; };
		B15555262032C45E00C1F7C0 /* AKNetworking.framework */ = {isa = PBXFileReference; explicitFileType = wrapper.framework; path = AKNetworking.framework; sourceTree = BUILT_PRODUCTS_DIR; };
		E735C2A2309D29B976B3B659 /* Pods-VIPERDesignSample.release.xcconfig */ = {isa = PBXFileReference; includeInIndex = 1; lastKnownFileType = text.xcconfig; name = "Pods-VIPERDesignSample.release.xcconfig"; path = "Pods/Target Support Files/Pods-VIPERDesignSample/Pods-VIPERDesignSample.release.xcconfig"; sourceTree = "<group>"; };
/* End PBXFileReference section */

/* Begin PBXFrameworksBuildPhase section */
		B1060F3A202C846200BF7259 /* Frameworks */ = {
			isa = PBXFrameworksBuildPhase;
			buildActionMask = 2147483647;
			files = (
				62F126F6C442C43C689FFC8D /* Pods_VIPERDesignSample.framework in Frameworks */,
			);
			runOnlyForDeploymentPostprocessing = 0;
		};
		B1060F51202C846300BF7259 /* Frameworks */ = {
			isa = PBXFrameworksBuildPhase;
			buildActionMask = 2147483647;
			files = (
			);
			runOnlyForDeploymentPostprocessing = 0;
		};
		B1060F5C202C846300BF7259 /* Frameworks */ = {
			isa = PBXFrameworksBuildPhase;
			buildActionMask = 2147483647;
			files = (
			);
			runOnlyForDeploymentPostprocessing = 0;
		};
/* End PBXFrameworksBuildPhase section */

/* Begin PBXGroup section */
		1623B50A392CFD849DFA7621 /* Frameworks */ = {
			isa = PBXGroup;
			children = (
				B15555262032C45E00C1F7C0 /* AKNetworking.framework */,
				914D2094B7280EE3EE02D639 /* Pods_VIPERDesignSample.framework */,
			);
			name = Frameworks;
			sourceTree = "<group>";
		};
		A88EEBA32032D2F600FD288B /* Local */ = {
			isa = PBXGroup;
			children = (
				A88EEBA42032D2FF00FD288B /* JSON */,
			);
			path = Local;
			sourceTree = "<group>";
		};
		A88EEBA42032D2FF00FD288B /* JSON */ = {
			isa = PBXGroup;
			children = (
				A88EEB9B2032CA1000FD288B /* Claim.json */,
				A88EEB9D2032CC9700FD288B /* Authentication.json */,
				A88EEBA12032CE0C00FD288B /* Appointment.json */,
			);
			path = JSON;
			sourceTree = "<group>";
		};
		A90EDABB5BD2A99862721F08 /* Pods */ = {
			isa = PBXGroup;
			children = (
				55CB30C7C75714EB026F3460 /* Pods-VIPERDesignSample.debug.xcconfig */,
				E735C2A2309D29B976B3B659 /* Pods-VIPERDesignSample.release.xcconfig */,
			);
			name = Pods;
			sourceTree = "<group>";
		};
		B1060F34202C846200BF7259 = {
			isa = PBXGroup;
			children = (
				B1060F3F202C846200BF7259 /* VIPERDesignSample */,
				B1060F57202C846300BF7259 /* VIPERDesignSampleTests */,
				B1060F62202C846300BF7259 /* VIPERDesignSampleUITests */,
				B1060F3E202C846200BF7259 /* Products */,
				A90EDABB5BD2A99862721F08 /* Pods */,
				1623B50A392CFD849DFA7621 /* Frameworks */,
			);
			sourceTree = "<group>";
		};
		B1060F3E202C846200BF7259 /* Products */ = {
			isa = PBXGroup;
			children = (
				B1060F3D202C846200BF7259 /* VIPERDesignSample.app */,
				B1060F54202C846300BF7259 /* VIPERDesignSampleTests.xctest */,
				B1060F5F202C846300BF7259 /* VIPERDesignSampleUITests.xctest */,
			);
			name = Products;
			sourceTree = "<group>";
		};
		B1060F3F202C846200BF7259 /* VIPERDesignSample */ = {
			isa = PBXGroup;
			children = (
				B15486AF2032FA220062FE85 /* Common */,
				B155546A202DA9DD00C1F7C0 /* NetworkLayer */,
				B1555469202DA97B00C1F7C0 /* Modules */,
				B1060F40202C846200BF7259 /* AppDelegate.swift */,
				B1060F42202C846200BF7259 /* ViewController.swift */,
				B1060F44202C846200BF7259 /* Main.storyboard */,
				B1060F4A202C846200BF7259 /* Assets.xcassets */,
				B1060F4C202C846200BF7259 /* LaunchScreen.storyboard */,
				B1060F4F202C846200BF7259 /* Info.plist */,
				B1060F47202C846200BF7259 /* VIPERDesignSample.xcdatamodeld */,
			);
			path = VIPERDesignSample;
			sourceTree = "<group>";
		};
		B1060F57202C846300BF7259 /* VIPERDesignSampleTests */ = {
			isa = PBXGroup;
			children = (
				B1060F58202C846300BF7259 /* VIPERDesignSampleTests.swift */,
				B1060F5A202C846300BF7259 /* Info.plist */,
			);
			path = VIPERDesignSampleTests;
			sourceTree = "<group>";
		};
		B1060F62202C846300BF7259 /* VIPERDesignSampleUITests */ = {
			isa = PBXGroup;
			children = (
				B1060F63202C846300BF7259 /* VIPERDesignSampleUITests.swift */,
				B1060F65202C846300BF7259 /* Info.plist */,
			);
			path = VIPERDesignSampleUITests;
			sourceTree = "<group>";
		};
		B15486AF2032FA220062FE85 /* Common */ = {
			isa = PBXGroup;
			children = (
				B15486B02032FA760062FE85 /* UIViewController+Ext.swift */,
			);
			path = Common;
			sourceTree = "<group>";
		};
		B1555469202DA97B00C1F7C0 /* Modules */ = {
			isa = PBXGroup;
			children = (
				B1555470202DAA7400C1F7C0 /* Login */,
				B155546F202DAA6A00C1F7C0 /* Activity */,
				B155546E202DAA5F00C1F7C0 /* Appointment */,
				B155546D202DAA5600C1F7C0 /* Claim */,
			);
			path = Modules;
			sourceTree = "<group>";
		};
		B155546A202DA9DD00C1F7C0 /* NetworkLayer */ = {
			isa = PBXGroup;
			children = (
				A88EEBA32032D2F600FD288B /* Local */,
				B15555232032C3E800C1F7C0 /* LocalServer.swift */,
				B15486A92032C5E60062FE85 /* DataSourceManager+AppSpecific.swift */,
				B15486AB2032C6B10062FE85 /* Request.swift */,
			);
			path = NetworkLayer;
			sourceTree = "<group>";
		};
		B155546D202DAA5600C1F7C0 /* Claim */ = {
			isa = PBXGroup;
			children = (
				B15554A3202DACB800C1F7C0 /* Protocols */,
				B15554A2202DACB000C1F7C0 /* View */,
				B15554A1202DACAA00C1F7C0 /* Presenter */,
				B15554A0202DACA100C1F7C0 /* Interactor */,
				B155549F202DAC8900C1F7C0 /* Router */,
			);
			path = Claim;
			sourceTree = "<group>";
		};
		B155546E202DAA5F00C1F7C0 /* Appointment */ = {
			isa = PBXGroup;
			children = (
				B1555494202DAC1900C1F7C0 /* Protocols */,
				B1555493202DAC1100C1F7C0 /* View */,
				B1555492202DAC0B00C1F7C0 /* Presenter */,
				B1555491202DAC0200C1F7C0 /* Interactor */,
				B1555490202DABF500C1F7C0 /* Router */,
			);
			path = Appointment;
			sourceTree = "<group>";
		};
		B155546F202DAA6A00C1F7C0 /* Activity */ = {
			isa = PBXGroup;
			children = (
				B1555485202DAB8300C1F7C0 /* Protocols */,
				B1555484202DAB7E00C1F7C0 /* View */,
				B1555483202DAB7700C1F7C0 /* Presenter */,
				B1555482202DAB6E00C1F7C0 /* Interactor */,
				B1555481202DAB6400C1F7C0 /* Router */,
			);
			path = Activity;
			sourceTree = "<group>";
		};
		B1555470202DAA7400C1F7C0 /* Login */ = {
			isa = PBXGroup;
			children = (
				B1555476202DAAB500C1F7C0 /* Protocols */,
				B1555475202DAAA800C1F7C0 /* View */,
				B1555474202DAAA000C1F7C0 /* Presenter */,
				B1555473202DAA9700C1F7C0 /* Interactor */,
				B1555472202DAA8B00C1F7C0 /* Router */,
			);
			path = Login;
			sourceTree = "<group>";
		};
		B1555472202DAA8B00C1F7C0 /* Router */ = {
			isa = PBXGroup;
			children = (
				B155547F202DAB5400C1F7C0 /* LoginRouter.swift */,
			);
			path = Router;
			sourceTree = "<group>";
		};
		B1555473202DAA9700C1F7C0 /* Interactor */ = {
			isa = PBXGroup;
			children = (
				B155547D202DAB4800C1F7C0 /* LoginInteractor.swift */,
			);
			path = Interactor;
			sourceTree = "<group>";
		};
		B1555474202DAAA000C1F7C0 /* Presenter */ = {
			isa = PBXGroup;
			children = (
				B155547B202DAB3800C1F7C0 /* LoginPresenter.swift */,
			);
			path = Presenter;
			sourceTree = "<group>";
		};
		B1555475202DAAA800C1F7C0 /* View */ = {
			isa = PBXGroup;
			children = (
				B1555479202DAB1200C1F7C0 /* LoginViewController.swift */,
				B15486AD2032E76A0062FE85 /* Login.storyboard */,
			);
			path = View;
			sourceTree = "<group>";
		};
		B1555476202DAAB500C1F7C0 /* Protocols */ = {
			isa = PBXGroup;
			children = (
				B1555477202DAB0000C1F7C0 /* LoginProtocols.swift */,
			);
			path = Protocols;
			sourceTree = "<group>";
		};
		B1555481202DAB6400C1F7C0 /* Router */ = {
			isa = PBXGroup;
			children = (
				B155548C202DABDB00C1F7C0 /* ActivityRouter.swift */,
			);
			path = Router;
			sourceTree = "<group>";
		};
		B1555482202DAB6E00C1F7C0 /* Interactor */ = {
			isa = PBXGroup;
			children = (
				B155548A202DABC900C1F7C0 /* ActivityInteractor.swift */,
			);
			path = Interactor;
			sourceTree = "<group>";
		};
		B1555483202DAB7700C1F7C0 /* Presenter */ = {
			isa = PBXGroup;
			children = (
				B1555488202DABBC00C1F7C0 /* ActivityPresenter.swift */,
			);
			path = Presenter;
			sourceTree = "<group>";
		};
		B1555484202DAB7E00C1F7C0 /* View */ = {
			isa = PBXGroup;
			children = (
				B155548E202DABEF00C1F7C0 /* ActivityViewController.swift */,
			);
			path = View;
			sourceTree = "<group>";
		};
		B1555485202DAB8300C1F7C0 /* Protocols */ = {
			isa = PBXGroup;
			children = (
				B1555486202DABAD00C1F7C0 /* ActivityProtocols.swift */,
			);
			path = Protocols;
			sourceTree = "<group>";
		};
		B1555490202DABF500C1F7C0 /* Router */ = {
			isa = PBXGroup;
			children = (
				B155549D202DAC7000C1F7C0 /* AppointmentRouter.swift */,
			);
			path = Router;
			sourceTree = "<group>";
		};
		B1555491202DAC0200C1F7C0 /* Interactor */ = {
			isa = PBXGroup;
			children = (
				B155549B202DAC6600C1F7C0 /* AppointmentInteractor.swift */,
			);
			path = Interactor;
			sourceTree = "<group>";
		};
		B1555492202DAC0B00C1F7C0 /* Presenter */ = {
			isa = PBXGroup;
			children = (
				B1555499202DAC5900C1F7C0 /* AppointmentPresenter.swift */,
			);
			path = Presenter;
			sourceTree = "<group>";
		};
		B1555493202DAC1100C1F7C0 /* View */ = {
			isa = PBXGroup;
			children = (
				B1555495202DAC3100C1F7C0 /* AppointmentViewController.swift */,
			);
			path = View;
			sourceTree = "<group>";
		};
		B1555494202DAC1900C1F7C0 /* Protocols */ = {
			isa = PBXGroup;
			children = (
				B1555497202DAC4700C1F7C0 /* AppointmentProtocols.swift */,
			);
			path = Protocols;
			sourceTree = "<group>";
		};
		B155549F202DAC8900C1F7C0 /* Router */ = {
			isa = PBXGroup;
			children = (
				B15554AA202DACEE00C1F7C0 /* ClaimRouter.swift */,
			);
			path = Router;
			sourceTree = "<group>";
		};
		B15554A0202DACA100C1F7C0 /* Interactor */ = {
			isa = PBXGroup;
			children = (
				B15554A8202DACE300C1F7C0 /* ClaimInteractor.swift */,
			);
			path = Interactor;
			sourceTree = "<group>";
		};
		B15554A1202DACAA00C1F7C0 /* Presenter */ = {
			isa = PBXGroup;
			children = (
				B15554A6202DACD600C1F7C0 /* ClaimPresenter.swift */,
			);
			path = Presenter;
			sourceTree = "<group>";
		};
		B15554A2202DACB000C1F7C0 /* View */ = {
			isa = PBXGroup;
			children = (
				B15554AC202DACF800C1F7C0 /* ClaimViewController.swift */,
			);
			path = View;
			sourceTree = "<group>";
		};
		B15554A3202DACB800C1F7C0 /* Protocols */ = {
			isa = PBXGroup;
			children = (
				B15554A4202DACCB00C1F7C0 /* ClaimProtocols.swift */,
			);
			path = Protocols;
			sourceTree = "<group>";
		};
/* End PBXGroup section */

/* Begin PBXNativeTarget section */
		B1060F3C202C846200BF7259 /* VIPERDesignSample */ = {
			isa = PBXNativeTarget;
			buildConfigurationList = B1060F68202C846300BF7259 /* Build configuration list for PBXNativeTarget "VIPERDesignSample" */;
			buildPhases = (
				AF3CFB319363DC803A893420 /* [CP] Check Pods Manifest.lock */,
				B1060F39202C846200BF7259 /* Sources */,
				B1060F3A202C846200BF7259 /* Frameworks */,
				B1060F3B202C846200BF7259 /* Resources */,
				29D0A5558F062A97987EF756 /* [CP] Embed Pods Frameworks */,
				50FBC316A57F53AD342F76CC /* [CP] Copy Pods Resources */,
			);
			buildRules = (
			);
			dependencies = (
			);
			name = VIPERDesignSample;
			productName = VIPERDesignSample;
			productReference = B1060F3D202C846200BF7259 /* VIPERDesignSample.app */;
			productType = "com.apple.product-type.application";
		};
		B1060F53202C846300BF7259 /* VIPERDesignSampleTests */ = {
			isa = PBXNativeTarget;
			buildConfigurationList = B1060F6B202C846300BF7259 /* Build configuration list for PBXNativeTarget "VIPERDesignSampleTests" */;
			buildPhases = (
				B1060F50202C846300BF7259 /* Sources */,
				B1060F51202C846300BF7259 /* Frameworks */,
				B1060F52202C846300BF7259 /* Resources */,
			);
			buildRules = (
			);
			dependencies = (
				B1060F56202C846300BF7259 /* PBXTargetDependency */,
			);
			name = VIPERDesignSampleTests;
			productName = VIPERDesignSampleTests;
			productReference = B1060F54202C846300BF7259 /* VIPERDesignSampleTests.xctest */;
			productType = "com.apple.product-type.bundle.unit-test";
		};
		B1060F5E202C846300BF7259 /* VIPERDesignSampleUITests */ = {
			isa = PBXNativeTarget;
			buildConfigurationList = B1060F6E202C846300BF7259 /* Build configuration list for PBXNativeTarget "VIPERDesignSampleUITests" */;
			buildPhases = (
				B1060F5B202C846300BF7259 /* Sources */,
				B1060F5C202C846300BF7259 /* Frameworks */,
				B1060F5D202C846300BF7259 /* Resources */,
			);
			buildRules = (
			);
			dependencies = (
				B1060F61202C846300BF7259 /* PBXTargetDependency */,
			);
			name = VIPERDesignSampleUITests;
			productName = VIPERDesignSampleUITests;
			productReference = B1060F5F202C846300BF7259 /* VIPERDesignSampleUITests.xctest */;
			productType = "com.apple.product-type.bundle.ui-testing";
		};
/* End PBXNativeTarget section */

/* Begin PBXProject section */
		B1060F35202C846200BF7259 /* Project object */ = {
			isa = PBXProject;
			attributes = {
				LastSwiftUpdateCheck = 0920;
				LastUpgradeCheck = 0920;
				ORGANIZATIONNAME = "Nirupama M Abraham";
				TargetAttributes = {
					B1060F3C202C846200BF7259 = {
						CreatedOnToolsVersion = 9.2;
						ProvisioningStyle = Automatic;
					};
					B1060F53202C846300BF7259 = {
						CreatedOnToolsVersion = 9.2;
						ProvisioningStyle = Automatic;
						TestTargetID = B1060F3C202C846200BF7259;
					};
					B1060F5E202C846300BF7259 = {
						CreatedOnToolsVersion = 9.2;
						ProvisioningStyle = Automatic;
						TestTargetID = B1060F3C202C846200BF7259;
					};
				};
			};
			buildConfigurationList = B1060F38202C846200BF7259 /* Build configuration list for PBXProject "VIPERDesignSample" */;
			compatibilityVersion = "Xcode 8.0";
			developmentRegion = en;
			hasScannedForEncodings = 0;
			knownRegions = (
				en,
				Base,
			);
			mainGroup = B1060F34202C846200BF7259;
			productRefGroup = B1060F3E202C846200BF7259 /* Products */;
			projectDirPath = "";
			projectRoot = "";
			targets = (
				B1060F3C202C846200BF7259 /* VIPERDesignSample */,
				B1060F53202C846300BF7259 /* VIPERDesignSampleTests */,
				B1060F5E202C846300BF7259 /* VIPERDesignSampleUITests */,
			);
		};
/* End PBXProject section */

/* Begin PBXResourcesBuildPhase section */
		B1060F3B202C846200BF7259 /* Resources */ = {
			isa = PBXResourcesBuildPhase;
			buildActionMask = 2147483647;
			files = (
				A88EEB9C2032CA1000FD288B /* Claim.json in Resources */,
				A88EEBA22032CE0C00FD288B /* Appointment.json in Resources */,
				B15486AE2032E76A0062FE85 /* Login.storyboard in Resources */,
				B1060F4E202C846200BF7259 /* LaunchScreen.storyboard in Resources */,
				B1060F4B202C846200BF7259 /* Assets.xcassets in Resources */,
				A88EEB9E2032CC9700FD288B /* Authentication.json in Resources */,
				B1060F46202C846200BF7259 /* Main.storyboard in Resources */,
			);
			runOnlyForDeploymentPostprocessing = 0;
		};
		B1060F52202C846300BF7259 /* Resources */ = {
			isa = PBXResourcesBuildPhase;
			buildActionMask = 2147483647;
			files = (
			);
			runOnlyForDeploymentPostprocessing = 0;
		};
		B1060F5D202C846300BF7259 /* Resources */ = {
			isa = PBXResourcesBuildPhase;
			buildActionMask = 2147483647;
			files = (
			);
			runOnlyForDeploymentPostprocessing = 0;
		};
/* End PBXResourcesBuildPhase section */

/* Begin PBXShellScriptBuildPhase section */
		29D0A5558F062A97987EF756 /* [CP] Embed Pods Frameworks */ = {
			isa = PBXShellScriptBuildPhase;
			buildActionMask = 2147483647;
			files = (
			);
			inputPaths = (
				"${SRCROOT}/Pods/Target Support Files/Pods-VIPERDesignSample/Pods-VIPERDesignSample-frameworks.sh",
				"${BUILT_PRODUCTS_DIR}/AKNetworking/AKNetworking.framework",
			);
			name = "[CP] Embed Pods Frameworks";
			outputPaths = (
				"${TARGET_BUILD_DIR}/${FRAMEWORKS_FOLDER_PATH}/AKNetworking.framework",
			);
			runOnlyForDeploymentPostprocessing = 0;
			shellPath = /bin/sh;
			shellScript = "\"${SRCROOT}/Pods/Target Support Files/Pods-VIPERDesignSample/Pods-VIPERDesignSample-frameworks.sh\"\n";
			showEnvVarsInLog = 0;
		};
		50FBC316A57F53AD342F76CC /* [CP] Copy Pods Resources */ = {
			isa = PBXShellScriptBuildPhase;
			buildActionMask = 2147483647;
			files = (
			);
			inputPaths = (
			);
			name = "[CP] Copy Pods Resources";
			outputPaths = (
			);
			runOnlyForDeploymentPostprocessing = 0;
			shellPath = /bin/sh;
			shellScript = "\"${SRCROOT}/Pods/Target Support Files/Pods-VIPERDesignSample/Pods-VIPERDesignSample-resources.sh\"\n";
			showEnvVarsInLog = 0;
		};
		AF3CFB319363DC803A893420 /* [CP] Check Pods Manifest.lock */ = {
			isa = PBXShellScriptBuildPhase;
			buildActionMask = 2147483647;
			files = (
			);
			inputPaths = (
				"${PODS_PODFILE_DIR_PATH}/Podfile.lock",
				"${PODS_ROOT}/Manifest.lock",
			);
			name = "[CP] Check Pods Manifest.lock";
			outputPaths = (
				"$(DERIVED_FILE_DIR)/Pods-VIPERDesignSample-checkManifestLockResult.txt",
			);
			runOnlyForDeploymentPostprocessing = 0;
			shellPath = /bin/sh;
			shellScript = "diff \"${PODS_PODFILE_DIR_PATH}/Podfile.lock\" \"${PODS_ROOT}/Manifest.lock\" > /dev/null\nif [ $? != 0 ] ; then\n    # print error to STDERR\n    echo \"error: The sandbox is not in sync with the Podfile.lock. Run 'pod install' or update your CocoaPods installation.\" >&2\n    exit 1\nfi\n# This output is used by Xcode 'outputs' to avoid re-running this script phase.\necho \"SUCCESS\" > \"${SCRIPT_OUTPUT_FILE_0}\"\n";
			showEnvVarsInLog = 0;
		};
/* End PBXShellScriptBuildPhase section */

/* Begin PBXSourcesBuildPhase section */
		B1060F39202C846200BF7259 /* Sources */ = {
			isa = PBXSourcesBuildPhase;
			buildActionMask = 2147483647;
			files = (
				B155549C202DAC6600C1F7C0 /* AppointmentInteractor.swift in Sources */,
				B15486AC2032C6B20062FE85 /* Request.swift in Sources */,
				B155549A202DAC5900C1F7C0 /* AppointmentPresenter.swift in Sources */,
				B1555487202DABAD00C1F7C0 /* ActivityProtocols.swift in Sources */,
				B155548D202DABDB00C1F7C0 /* ActivityRouter.swift in Sources */,
				B155547A202DAB1200C1F7C0 /* LoginViewController.swift in Sources */,
				B1555496202DAC3100C1F7C0 /* AppointmentViewController.swift in Sources */,
				B15554A5202DACCB00C1F7C0 /* ClaimProtocols.swift in Sources */,
				B15554AB202DACEE00C1F7C0 /* ClaimRouter.swift in Sources */,
				B15486AA2032C5E60062FE85 /* DataSourceManager+AppSpecific.swift in Sources */,
				B1060F43202C846200BF7259 /* ViewController.swift in Sources */,
				B15554AD202DACF800C1F7C0 /* ClaimViewController.swift in Sources */,
				B15555242032C3E800C1F7C0 /* LocalServer.swift in Sources */,
				B155547C202DAB3800C1F7C0 /* LoginPresenter.swift in Sources */,
				B1555478202DAB0000C1F7C0 /* LoginProtocols.swift in Sources */,
				B155547E202DAB4800C1F7C0 /* LoginInteractor.swift in Sources */,
				B15554A9202DACE300C1F7C0 /* ClaimInteractor.swift in Sources */,
				B1555489202DABBC00C1F7C0 /* ActivityPresenter.swift in Sources */,
				B15554A7202DACD600C1F7C0 /* ClaimPresenter.swift in Sources */,
				B1555498202DAC4700C1F7C0 /* AppointmentProtocols.swift in Sources */,
				B1555480202DAB5400C1F7C0 /* LoginRouter.swift in Sources */,
				B1060F49202C846200BF7259 /* VIPERDesignSample.xcdatamodeld in Sources */,
				B155548F202DABEF00C1F7C0 /* ActivityViewController.swift in Sources */,
				B1060F41202C846200BF7259 /* AppDelegate.swift in Sources */,
				B155548B202DABC900C1F7C0 /* ActivityInteractor.swift in Sources */,
				B155549E202DAC7000C1F7C0 /* AppointmentRouter.swift in Sources */,
				B15486B12032FA760062FE85 /* UIViewController+Ext.swift in Sources */,
			);
			runOnlyForDeploymentPostprocessing = 0;
		};
		B1060F50202C846300BF7259 /* Sources */ = {
			isa = PBXSourcesBuildPhase;
			buildActionMask = 2147483647;
			files = (
				B1060F59202C846300BF7259 /* VIPERDesignSampleTests.swift in Sources */,
			);
			runOnlyForDeploymentPostprocessing = 0;
		};
		B1060F5B202C846300BF7259 /* Sources */ = {
			isa = PBXSourcesBuildPhase;
			buildActionMask = 2147483647;
			files = (
				B1060F64202C846300BF7259 /* VIPERDesignSampleUITests.swift in Sources */,
			);
			runOnlyForDeploymentPostprocessing = 0;
		};
/* End PBXSourcesBuildPhase section */

/* Begin PBXTargetDependency section */
		B1060F56202C846300BF7259 /* PBXTargetDependency */ = {
			isa = PBXTargetDependency;
			target = B1060F3C202C846200BF7259 /* VIPERDesignSample */;
			targetProxy = B1060F55202C846300BF7259 /* PBXContainerItemProxy */;
		};
		B1060F61202C846300BF7259 /* PBXTargetDependency */ = {
			isa = PBXTargetDependency;
			target = B1060F3C202C846200BF7259 /* VIPERDesignSample */;
			targetProxy = B1060F60202C846300BF7259 /* PBXContainerItemProxy */;
		};
/* End PBXTargetDependency section */

/* Begin PBXVariantGroup section */
		B1060F44202C846200BF7259 /* Main.storyboard */ = {
			isa = PBXVariantGroup;
			children = (
				B1060F45202C846200BF7259 /* Base */,
			);
			name = Main.storyboard;
			sourceTree = "<group>";
		};
		B1060F4C202C846200BF7259 /* LaunchScreen.storyboard */ = {
			isa = PBXVariantGroup;
			children = (
				B1060F4D202C846200BF7259 /* Base */,
			);
			name = LaunchScreen.storyboard;
			sourceTree = "<group>";
		};
/* End PBXVariantGroup section */

/* Begin XCBuildConfiguration section */
		B1060F66202C846300BF7259 /* Debug */ = {
			isa = XCBuildConfiguration;
			buildSettings = {
				ALWAYS_SEARCH_USER_PATHS = NO;
				CLANG_ANALYZER_NONNULL = YES;
				CLANG_ANALYZER_NUMBER_OBJECT_CONVERSION = YES_AGGRESSIVE;
				CLANG_CXX_LANGUAGE_STANDARD = "gnu++14";
				CLANG_CXX_LIBRARY = "libc++";
				CLANG_ENABLE_MODULES = YES;
				CLANG_ENABLE_OBJC_ARC = YES;
				CLANG_WARN_BLOCK_CAPTURE_AUTORELEASING = YES;
				CLANG_WARN_BOOL_CONVERSION = YES;
				CLANG_WARN_COMMA = YES;
				CLANG_WARN_CONSTANT_CONVERSION = YES;
				CLANG_WARN_DIRECT_OBJC_ISA_USAGE = YES_ERROR;
				CLANG_WARN_DOCUMENTATION_COMMENTS = YES;
				CLANG_WARN_EMPTY_BODY = YES;
				CLANG_WARN_ENUM_CONVERSION = YES;
				CLANG_WARN_INFINITE_RECURSION = YES;
				CLANG_WARN_INT_CONVERSION = YES;
				CLANG_WARN_NON_LITERAL_NULL_CONVERSION = YES;
				CLANG_WARN_OBJC_LITERAL_CONVERSION = YES;
				CLANG_WARN_OBJC_ROOT_CLASS = YES_ERROR;
				CLANG_WARN_RANGE_LOOP_ANALYSIS = YES;
				CLANG_WARN_STRICT_PROTOTYPES = YES;
				CLANG_WARN_SUSPICIOUS_MOVE = YES;
				CLANG_WARN_UNGUARDED_AVAILABILITY = YES_AGGRESSIVE;
				CLANG_WARN_UNREACHABLE_CODE = YES;
				CLANG_WARN__DUPLICATE_METHOD_MATCH = YES;
				CODE_SIGN_IDENTITY = "iPhone Developer";
				COPY_PHASE_STRIP = NO;
				DEBUG_INFORMATION_FORMAT = dwarf;
				ENABLE_STRICT_OBJC_MSGSEND = YES;
				ENABLE_TESTABILITY = YES;
				GCC_C_LANGUAGE_STANDARD = gnu11;
				GCC_DYNAMIC_NO_PIC = NO;
				GCC_NO_COMMON_BLOCKS = YES;
				GCC_OPTIMIZATION_LEVEL = 0;
				GCC_PREPROCESSOR_DEFINITIONS = (
					"DEBUG=1",
					"$(inherited)",
				);
				GCC_WARN_64_TO_32_BIT_CONVERSION = YES;
				GCC_WARN_ABOUT_RETURN_TYPE = YES_ERROR;
				GCC_WARN_UNDECLARED_SELECTOR = YES;
				GCC_WARN_UNINITIALIZED_AUTOS = YES_AGGRESSIVE;
				GCC_WARN_UNUSED_FUNCTION = YES;
				GCC_WARN_UNUSED_VARIABLE = YES;
				IPHONEOS_DEPLOYMENT_TARGET = 11.2;
				MTL_ENABLE_DEBUG_INFO = YES;
				ONLY_ACTIVE_ARCH = YES;
				SDKROOT = iphoneos;
				SWIFT_ACTIVE_COMPILATION_CONDITIONS = DEBUG;
				SWIFT_OPTIMIZATION_LEVEL = "-Onone";
			};
			name = Debug;
		};
		B1060F67202C846300BF7259 /* Release */ = {
			isa = XCBuildConfiguration;
			buildSettings = {
				ALWAYS_SEARCH_USER_PATHS = NO;
				CLANG_ANALYZER_NONNULL = YES;
				CLANG_ANALYZER_NUMBER_OBJECT_CONVERSION = YES_AGGRESSIVE;
				CLANG_CXX_LANGUAGE_STANDARD = "gnu++14";
				CLANG_CXX_LIBRARY = "libc++";
				CLANG_ENABLE_MODULES = YES;
				CLANG_ENABLE_OBJC_ARC = YES;
				CLANG_WARN_BLOCK_CAPTURE_AUTORELEASING = YES;
				CLANG_WARN_BOOL_CONVERSION = YES;
				CLANG_WARN_COMMA = YES;
				CLANG_WARN_CONSTANT_CONVERSION = YES;
				CLANG_WARN_DIRECT_OBJC_ISA_USAGE = YES_ERROR;
				CLANG_WARN_DOCUMENTATION_COMMENTS = YES;
				CLANG_WARN_EMPTY_BODY = YES;
				CLANG_WARN_ENUM_CONVERSION = YES;
				CLANG_WARN_INFINITE_RECURSION = YES;
				CLANG_WARN_INT_CONVERSION = YES;
				CLANG_WARN_NON_LITERAL_NULL_CONVERSION = YES;
				CLANG_WARN_OBJC_LITERAL_CONVERSION = YES;
				CLANG_WARN_OBJC_ROOT_CLASS = YES_ERROR;
				CLANG_WARN_RANGE_LOOP_ANALYSIS = YES;
				CLANG_WARN_STRICT_PROTOTYPES = YES;
				CLANG_WARN_SUSPICIOUS_MOVE = YES;
				CLANG_WARN_UNGUARDED_AVAILABILITY = YES_AGGRESSIVE;
				CLANG_WARN_UNREACHABLE_CODE = YES;
				CLANG_WARN__DUPLICATE_METHOD_MATCH = YES;
				CODE_SIGN_IDENTITY = "iPhone Developer";
				COPY_PHASE_STRIP = NO;
				DEBUG_INFORMATION_FORMAT = "dwarf-with-dsym";
				ENABLE_NS_ASSERTIONS = NO;
				ENABLE_STRICT_OBJC_MSGSEND = YES;
				GCC_C_LANGUAGE_STANDARD = gnu11;
				GCC_NO_COMMON_BLOCKS = YES;
				GCC_WARN_64_TO_32_BIT_CONVERSION = YES;
				GCC_WARN_ABOUT_RETURN_TYPE = YES_ERROR;
				GCC_WARN_UNDECLARED_SELECTOR = YES;
				GCC_WARN_UNINITIALIZED_AUTOS = YES_AGGRESSIVE;
				GCC_WARN_UNUSED_FUNCTION = YES;
				GCC_WARN_UNUSED_VARIABLE = YES;
				IPHONEOS_DEPLOYMENT_TARGET = 11.2;
				MTL_ENABLE_DEBUG_INFO = NO;
				SDKROOT = iphoneos;
				SWIFT_OPTIMIZATION_LEVEL = "-Owholemodule";
				VALIDATE_PRODUCT = YES;
			};
			name = Release;
		};
		B1060F69202C846300BF7259 /* Debug */ = {
			isa = XCBuildConfiguration;
			baseConfigurationReference = 55CB30C7C75714EB026F3460 /* Pods-VIPERDesignSample.debug.xcconfig */;
			buildSettings = {
				ASSETCATALOG_COMPILER_APPICON_NAME = AppIcon;
				CODE_SIGN_STYLE = Automatic;
				INFOPLIST_FILE = VIPERDesignSample/Info.plist;
				LD_RUNPATH_SEARCH_PATHS = "$(inherited) @executable_path/Frameworks";
				PRODUCT_BUNDLE_IDENTIFIER = com.ibm.mobilefirst.VIPERDesignSample;
				PRODUCT_NAME = "$(TARGET_NAME)";
				SWIFT_VERSION = 4.0;
				TARGETED_DEVICE_FAMILY = "1,2";
			};
			name = Debug;
		};
		B1060F6A202C846300BF7259 /* Release */ = {
			isa = XCBuildConfiguration;
			baseConfigurationReference = E735C2A2309D29B976B3B659 /* Pods-VIPERDesignSample.release.xcconfig */;
			buildSettings = {
				ASSETCATALOG_COMPILER_APPICON_NAME = AppIcon;
				CODE_SIGN_STYLE = Automatic;
				INFOPLIST_FILE = VIPERDesignSample/Info.plist;
				LD_RUNPATH_SEARCH_PATHS = "$(inherited) @executable_path/Frameworks";
				PRODUCT_BUNDLE_IDENTIFIER = com.ibm.mobilefirst.VIPERDesignSample;
				PRODUCT_NAME = "$(TARGET_NAME)";
				SWIFT_VERSION = 4.0;
				TARGETED_DEVICE_FAMILY = "1,2";
			};
			name = Release;
		};
		B1060F6C202C846300BF7259 /* Debug */ = {
			isa = XCBuildConfiguration;
			buildSettings = {
				ALWAYS_EMBED_SWIFT_STANDARD_LIBRARIES = YES;
				BUNDLE_LOADER = "$(TEST_HOST)";
				CODE_SIGN_STYLE = Automatic;
				INFOPLIST_FILE = VIPERDesignSampleTests/Info.plist;
				LD_RUNPATH_SEARCH_PATHS = "$(inherited) @executable_path/Frameworks @loader_path/Frameworks";
				PRODUCT_BUNDLE_IDENTIFIER = com.ibm.mobilefirst.VIPERDesignSampleTests;
				PRODUCT_NAME = "$(TARGET_NAME)";
				SWIFT_VERSION = 4.0;
				TARGETED_DEVICE_FAMILY = "1,2";
				TEST_HOST = "$(BUILT_PRODUCTS_DIR)/VIPERDesignSample.app/VIPERDesignSample";
			};
			name = Debug;
		};
		B1060F6D202C846300BF7259 /* Release */ = {
			isa = XCBuildConfiguration;
			buildSettings = {
				ALWAYS_EMBED_SWIFT_STANDARD_LIBRARIES = YES;
				BUNDLE_LOADER = "$(TEST_HOST)";
				CODE_SIGN_STYLE = Automatic;
				INFOPLIST_FILE = VIPERDesignSampleTests/Info.plist;
				LD_RUNPATH_SEARCH_PATHS = "$(inherited) @executable_path/Frameworks @loader_path/Frameworks";
				PRODUCT_BUNDLE_IDENTIFIER = com.ibm.mobilefirst.VIPERDesignSampleTests;
				PRODUCT_NAME = "$(TARGET_NAME)";
				SWIFT_VERSION = 4.0;
				TARGETED_DEVICE_FAMILY = "1,2";
				TEST_HOST = "$(BUILT_PRODUCTS_DIR)/VIPERDesignSample.app/VIPERDesignSample";
			};
			name = Release;
		};
		B1060F6F202C846300BF7259 /* Debug */ = {
			isa = XCBuildConfiguration;
			buildSettings = {
				ALWAYS_EMBED_SWIFT_STANDARD_LIBRARIES = YES;
				CODE_SIGN_STYLE = Automatic;
				INFOPLIST_FILE = VIPERDesignSampleUITests/Info.plist;
				LD_RUNPATH_SEARCH_PATHS = "$(inherited) @executable_path/Frameworks @loader_path/Frameworks";
				PRODUCT_BUNDLE_IDENTIFIER = com.ibm.mobilefirst.VIPERDesignSampleUITests;
				PRODUCT_NAME = "$(TARGET_NAME)";
				SWIFT_VERSION = 4.0;
				TARGETED_DEVICE_FAMILY = "1,2";
				TEST_TARGET_NAME = VIPERDesignSample;
			};
			name = Debug;
		};
		B1060F70202C846300BF7259 /* Release */ = {
			isa = XCBuildConfiguration;
			buildSettings = {
				ALWAYS_EMBED_SWIFT_STANDARD_LIBRARIES = YES;
				CODE_SIGN_STYLE = Automatic;
				INFOPLIST_FILE = VIPERDesignSampleUITests/Info.plist;
				LD_RUNPATH_SEARCH_PATHS = "$(inherited) @executable_path/Frameworks @loader_path/Frameworks";
				PRODUCT_BUNDLE_IDENTIFIER = com.ibm.mobilefirst.VIPERDesignSampleUITests;
				PRODUCT_NAME = "$(TARGET_NAME)";
				SWIFT_VERSION = 4.0;
				TARGETED_DEVICE_FAMILY = "1,2";
				TEST_TARGET_NAME = VIPERDesignSample;
			};
			name = Release;
		};
/* End XCBuildConfiguration section */

/* Begin XCConfigurationList section */
		B1060F38202C846200BF7259 /* Build configuration list for PBXProject "VIPERDesignSample" */ = {
			isa = XCConfigurationList;
			buildConfigurations = (
				B1060F66202C846300BF7259 /* Debug */,
				B1060F67202C846300BF7259 /* Release */,
			);
			defaultConfigurationIsVisible = 0;
			defaultConfigurationName = Release;
		};
		B1060F68202C846300BF7259 /* Build configuration list for PBXNativeTarget "VIPERDesignSample" */ = {
			isa = XCConfigurationList;
			buildConfigurations = (
				B1060F69202C846300BF7259 /* Debug */,
				B1060F6A202C846300BF7259 /* Release */,
			);
			defaultConfigurationIsVisible = 0;
			defaultConfigurationName = Release;
		};
		B1060F6B202C846300BF7259 /* Build configuration list for PBXNativeTarget "VIPERDesignSampleTests" */ = {
			isa = XCConfigurationList;
			buildConfigurations = (
				B1060F6C202C846300BF7259 /* Debug */,
				B1060F6D202C846300BF7259 /* Release */,
			);
			defaultConfigurationIsVisible = 0;
			defaultConfigurationName = Release;
		};
		B1060F6E202C846300BF7259 /* Build configuration list for PBXNativeTarget "VIPERDesignSampleUITests" */ = {
			isa = XCConfigurationList;
			buildConfigurations = (
				B1060F6F202C846300BF7259 /* Debug */,
				B1060F70202C846300BF7259 /* Release */,
			);
			defaultConfigurationIsVisible = 0;
			defaultConfigurationName = Release;
		};
/* End XCConfigurationList section */

/* Begin XCVersionGroup section */
		B1060F47202C846200BF7259 /* VIPERDesignSample.xcdatamodeld */ = {
			isa = XCVersionGroup;
			children = (
				B1060F48202C846200BF7259 /* VIPERDesignSample.xcdatamodel */,
			);
			currentVersion = B1060F48202C846200BF7259 /* VIPERDesignSample.xcdatamodel */;
			path = VIPERDesignSample.xcdatamodeld;
			sourceTree = "<group>";
			versionGroupType = wrapper.xcdatamodel;
		};
/* End XCVersionGroup section */
	};
	rootObject = B1060F35202C846200BF7259 /* Project object */;
}
